
Microsoft Visual Studio Solution File, Format Version 12.00
# Visual Studio Version 17
VisualStudioVersion = 17.8.34330.188
MinimumVisualStudioVersion = 10.0.40219.1
Project("{FAE04EC0-301F-11D3-BF4B-00C04F79EFBC}") = "WebApplication6", "WebApplication6\WebApplication6.csproj", "{ACCCC23A-BAA7-4A0C-ACFF-AC6A549D5F4B}"
EndProject
Global
	GlobalSection(SolutionConfigurationPlatforms) = preSolution
		Debug|Any CPU = Debug|Any CPU
		Release|Any CPU = Release|Any CPU
	EndGlobalSection
	GlobalSection(ProjectConfigurationPlatforms) = postSolution
		{ACCCC23A-BAA7-4A0C-ACFF-AC6A549D5F4B}.Debug|Any CPU.ActiveCfg = Debug|Any CPU
		{ACCCC23A-BAA7-4A0C-ACFF-AC6A549D5F4B}.Debug|Any CPU.Build.0 = Debug|Any CPU
		{ACCCC23A-BAA7-4A0C-ACFF-AC6A549D5F4B}.Release|Any CPU.ActiveCfg = Release|Any CPU
		{ACCCC23A-BAA7-4A0C-ACFF-AC6A549D5F4B}.Release|Any CPU.Build.0 = Release|Any CPU
	EndGlobalSection
	GlobalSection(SolutionProperties) = preSolution
		HideSolutionNode = FALSE
	EndGlobalSection
	GlobalSection(ExtensibilityGlobals) = postSolution
		SolutionGuid = {F5583576-3EED-4C70-9850-142951E53E5F}
	EndGlobalSection
EndGlobal
