
Microsoft Visual Studio Solution File, Format Version 12.00
# Visual Studio Version 17
VisualStudioVersion = 17.8.34330.188
MinimumVisualStudioVersion = 10.0.40219.1
Project("{FAE04EC0-301F-11D3-BF4B-00C04F79EFBC}") = "WebApplication4", "WebApplication4\WebApplication4.csproj", "{65327D7A-15B6-4CB7-8AE4-205587807B1E}"
EndProject
Global
	GlobalSection(SolutionConfigurationPlatforms) = preSolution
		Debug|Any CPU = Debug|Any CPU
		Release|Any CPU = Release|Any CPU
	EndGlobalSection
	GlobalSection(ProjectConfigurationPlatforms) = postSolution
		{65327D7A-15B6-4CB7-8AE4-205587807B1E}.Debug|Any CPU.ActiveCfg = Debug|Any CPU
		{65327D7A-15B6-4CB7-8AE4-205587807B1E}.Debug|Any CPU.Build.0 = Debug|Any CPU
		{65327D7A-15B6-4CB7-8AE4-205587807B1E}.Release|Any CPU.ActiveCfg = Release|Any CPU
		{65327D7A-15B6-4CB7-8AE4-205587807B1E}.Release|Any CPU.Build.0 = Release|Any CPU
	EndGlobalSection
	GlobalSection(SolutionProperties) = preSolution
		HideSolutionNode = FALSE
	EndGlobalSection
	GlobalSection(ExtensibilityGlobals) = postSolution
		SolutionGuid = {459C3979-67CA-411D-A234-1F7C814F026C}
	EndGlobalSection
EndGlobal
