
Microsoft Visual Studio Solution File, Format Version 12.00
# Visual Studio Version 17
VisualStudioVersion = 17.8.34330.188
MinimumVisualStudioVersion = 10.0.40219.1
Project("{FAE04EC0-301F-11D3-BF4B-00C04F79EFBC}") = "projectsem3", "projectsem3\projectsem3.csproj", "{47A249B8-3E87-4A83-9F66-B8FA0CB7F0D0}"
EndProject
Global
	GlobalSection(SolutionConfigurationPlatforms) = preSolution
		Debug|Any CPU = Debug|Any CPU
		Release|Any CPU = Release|Any CPU
	EndGlobalSection
	GlobalSection(ProjectConfigurationPlatforms) = postSolution
		{47A249B8-3E87-4A83-9F66-B8FA0CB7F0D0}.Debug|Any CPU.ActiveCfg = Debug|Any CPU
		{47A249B8-3E87-4A83-9F66-B8FA0CB7F0D0}.Debug|Any CPU.Build.0 = Debug|Any CPU
		{47A249B8-3E87-4A83-9F66-B8FA0CB7F0D0}.Release|Any CPU.ActiveCfg = Release|Any CPU
		{47A249B8-3E87-4A83-9F66-B8FA0CB7F0D0}.Release|Any CPU.Build.0 = Release|Any CPU
	EndGlobalSection
	GlobalSection(SolutionProperties) = preSolution
		HideSolutionNode = FALSE
	EndGlobalSection
	GlobalSection(ExtensibilityGlobals) = postSolution
		SolutionGuid = {216DB97B-C4D9-433D-875D-431885FE0365}
	EndGlobalSection
EndGlobal
