
Microsoft Visual Studio Solution File, Format Version 12.00
# Visual Studio Version 17
VisualStudioVersion = 17.8.34330.188
MinimumVisualStudioVersion = 10.0.40219.1
Project("{FAE04EC0-301F-11D3-BF4B-00C04F79EFBC}") = "TestMVCpublishh", "TestMVCpublishh\TestMVCpublishh.csproj", "{ADFCE0E6-5D23-4757-85EF-45598B9A2479}"
EndProject
Global
	GlobalSection(SolutionConfigurationPlatforms) = preSolution
		Debug|Any CPU = Debug|Any CPU
		Release|Any CPU = Release|Any CPU
	EndGlobalSection
	GlobalSection(ProjectConfigurationPlatforms) = postSolution
		{ADFCE0E6-5D23-4757-85EF-45598B9A2479}.Debug|Any CPU.ActiveCfg = Debug|Any CPU
		{ADFCE0E6-5D23-4757-85EF-45598B9A2479}.Debug|Any CPU.Build.0 = Debug|Any CPU
		{ADFCE0E6-5D23-4757-85EF-45598B9A2479}.Release|Any CPU.ActiveCfg = Release|Any CPU
		{ADFCE0E6-5D23-4757-85EF-45598B9A2479}.Release|Any CPU.Build.0 = Release|Any CPU
	EndGlobalSection
	GlobalSection(SolutionProperties) = preSolution
		HideSolutionNode = FALSE
	EndGlobalSection
	GlobalSection(ExtensibilityGlobals) = postSolution
		SolutionGuid = {6139B271-8FED-4734-95A7-D778C7373CC6}
	EndGlobalSection
EndGlobal
